
Microsoft Visual Studio Solution File, Format Version 12.00
# Visual Studio 15
VisualStudioVersion = 15.0.28307.1169
MinimumVisualStudioVersion = 10.0.40219.1
Project("{FAE04EC0-301F-11D3-BF4B-00C04F79EFBC}") = "GUI", "GUI\GUI.csproj", "{53B4EFD3-9ACE-4189-BCE5-8B2B0BB59BC8}"
EndProject
Project("{FAE04EC0-301F-11D3-BF4B-00C04F79EFBC}") = "BLL", "BLL\BLL.csproj", "{54B15722-CA16-479D-A65A-0FA41BD7F2E3}"
EndProject
Project("{FAE04EC0-301F-11D3-BF4B-00C04F79EFBC}") = "DAL", "DAL\DAL.csproj", "{C4C50617-3D0C-425B-AB50-FA80FF0C44C7}"
EndProject
Project("{FAE04EC0-301F-11D3-BF4B-00C04F79EFBC}") = "DTO", "DTO\DTO.csproj", "{D049D3CC-497A-44D8-809F-5EA797CA11F6}"
EndProject
Project("{2150E333-8FDC-42A3-9474-1A3956D46DE8}") = "Public", "Public", "{5760A618-E5AE-42A0-AE8D-4B1A87111BEA}"
EndProject
Project("{2150E333-8FDC-42A3-9474-1A3956D46DE8}") = "hinhanh", "hinhanh", "{9ADAA76E-5AE1-447B-B539-6B37F4418782}"
	ProjectSection(SolutionItems) = preProject
		C:\Users\NguyenLam\Desktop\Mã nguồn(Source code)-20201116T141503Z-001\Mã nguồn(Source code)\QL_cafe\QL_cafe\bancafe\bancafe\Resources\1_CjE5PonALeZhn89SuIwKog.png = C:\Users\NguyenLam\Desktop\Mã nguồn(Source code)-20201116T141503Z-001\Mã nguồn(Source code)\QL_cafe\QL_cafe\bancafe\bancafe\Resources\1_CjE5PonALeZhn89SuIwKog.png
		C:\Users\NguyenLam\Desktop\Mã nguồn(Source code)-20201116T141503Z-001\Mã nguồn(Source code)\QL_cafe\QL_cafe\bancafe\bancafe\Resources\72.png = C:\Users\NguyenLam\Desktop\Mã nguồn(Source code)-20201116T141503Z-001\Mã nguồn(Source code)\QL_cafe\QL_cafe\bancafe\bancafe\Resources\72.png
		C:\Users\NguyenLam\Desktop\Mã nguồn(Source code)-20201116T141503Z-001\Mã nguồn(Source code)\QL_cafe\QL_cafe\bancafe\bancafe\Resources\back-to-school-banner.jpg = C:\Users\NguyenLam\Desktop\Mã nguồn(Source code)-20201116T141503Z-001\Mã nguồn(Source code)\QL_cafe\QL_cafe\bancafe\bancafe\Resources\back-to-school-banner.jpg
		C:\Users\NguyenLam\Desktop\Mã nguồn(Source code)-20201116T141503Z-001\Mã nguồn(Source code)\QL_cafe\QL_cafe\bancafe\bancafe\Resources\back-to-school-banner1.jpg = C:\Users\NguyenLam\Desktop\Mã nguồn(Source code)-20201116T141503Z-001\Mã nguồn(Source code)\QL_cafe\QL_cafe\bancafe\bancafe\Resources\back-to-school-banner1.jpg
		C:\Users\NguyenLam\Desktop\Mã nguồn(Source code)-20201116T141503Z-001\Mã nguồn(Source code)\QL_cafe\QL_cafe\bancafe\bancafe\Resources\backgjpg.jpg = C:\Users\NguyenLam\Desktop\Mã nguồn(Source code)-20201116T141503Z-001\Mã nguồn(Source code)\QL_cafe\QL_cafe\bancafe\bancafe\Resources\backgjpg.jpg
		C:\Users\NguyenLam\Desktop\Mã nguồn(Source code)-20201116T141503Z-001\Mã nguồn(Source code)\QL_cafe\QL_cafe\bancafe\bancafe\Resources\backgjpg1.jpg = C:\Users\NguyenLam\Desktop\Mã nguồn(Source code)-20201116T141503Z-001\Mã nguồn(Source code)\QL_cafe\QL_cafe\bancafe\bancafe\Resources\backgjpg1.jpg
		C:\Users\NguyenLam\Desktop\Mã nguồn(Source code)-20201116T141503Z-001\Mã nguồn(Source code)\QL_cafe\QL_cafe\bancafe\bancafe\Resources\banner-1.jpg = C:\Users\NguyenLam\Desktop\Mã nguồn(Source code)-20201116T141503Z-001\Mã nguồn(Source code)\QL_cafe\QL_cafe\bancafe\bancafe\Resources\banner-1.jpg
		C:\Users\NguyenLam\Desktop\Mã nguồn(Source code)-20201116T141503Z-001\Mã nguồn(Source code)\QL_cafe\QL_cafe\bancafe\bancafe\Resources\banner-11.jpg = C:\Users\NguyenLam\Desktop\Mã nguồn(Source code)-20201116T141503Z-001\Mã nguồn(Source code)\QL_cafe\QL_cafe\bancafe\bancafe\Resources\banner-11.jpg
		C:\Users\NguyenLam\Desktop\Mã nguồn(Source code)-20201116T141503Z-001\Mã nguồn(Source code)\QL_cafe\QL_cafe\bancafe\bancafe\Resources\banner-HOC-03.png = C:\Users\NguyenLam\Desktop\Mã nguồn(Source code)-20201116T141503Z-001\Mã nguồn(Source code)\QL_cafe\QL_cafe\bancafe\bancafe\Resources\banner-HOC-03.png
		C:\Users\NguyenLam\Desktop\Mã nguồn(Source code)-20201116T141503Z-001\Mã nguồn(Source code)\QL_cafe\QL_cafe\bancafe\bancafe\Resources\banner-HOC-031.png = C:\Users\NguyenLam\Desktop\Mã nguồn(Source code)-20201116T141503Z-001\Mã nguồn(Source code)\QL_cafe\QL_cafe\bancafe\bancafe\Resources\banner-HOC-031.png
		C:\Users\NguyenLam\Desktop\Mã nguồn(Source code)-20201116T141503Z-001\Mã nguồn(Source code)\QL_cafe\QL_cafe\bancafe\bancafe\Resources\bg.jpg = C:\Users\NguyenLam\Desktop\Mã nguồn(Source code)-20201116T141503Z-001\Mã nguồn(Source code)\QL_cafe\QL_cafe\bancafe\bancafe\Resources\bg.jpg
		C:\Users\NguyenLam\Desktop\Mã nguồn(Source code)-20201116T141503Z-001\Mã nguồn(Source code)\QL_cafe\QL_cafe\bancafe\bancafe\Resources\btlogin.png = C:\Users\NguyenLam\Desktop\Mã nguồn(Source code)-20201116T141503Z-001\Mã nguồn(Source code)\QL_cafe\QL_cafe\bancafe\bancafe\Resources\btlogin.png
		C:\Users\NguyenLam\Desktop\Mã nguồn(Source code)-20201116T141503Z-001\Mã nguồn(Source code)\QL_cafe\QL_cafe\bancafe\bancafe\Resources\btlogin1.png = C:\Users\NguyenLam\Desktop\Mã nguồn(Source code)-20201116T141503Z-001\Mã nguồn(Source code)\QL_cafe\QL_cafe\bancafe\bancafe\Resources\btlogin1.png
		C:\Users\NguyenLam\Desktop\Mã nguồn(Source code)-20201116T141503Z-001\Mã nguồn(Source code)\QL_cafe\QL_cafe\bancafe\bancafe\Resources\buttonlogin.png = C:\Users\NguyenLam\Desktop\Mã nguồn(Source code)-20201116T141503Z-001\Mã nguồn(Source code)\QL_cafe\QL_cafe\bancafe\bancafe\Resources\buttonlogin.png
		C:\Users\NguyenLam\Desktop\Mã nguồn(Source code)-20201116T141503Z-001\Mã nguồn(Source code)\QL_cafe\QL_cafe\bancafe\bancafe\Resources\dangnhapQL.png = C:\Users\NguyenLam\Desktop\Mã nguồn(Source code)-20201116T141503Z-001\Mã nguồn(Source code)\QL_cafe\QL_cafe\bancafe\bancafe\Resources\dangnhapQL.png
		C:\Users\NguyenLam\Desktop\Mã nguồn(Source code)-20201116T141503Z-001\Mã nguồn(Source code)\QL_cafe\QL_cafe\bancafe\bancafe\Resources\delete (1).png = C:\Users\NguyenLam\Desktop\Mã nguồn(Source code)-20201116T141503Z-001\Mã nguồn(Source code)\QL_cafe\QL_cafe\bancafe\bancafe\Resources\delete (1).png
		C:\Users\NguyenLam\Desktop\Mã nguồn(Source code)-20201116T141503Z-001\Mã nguồn(Source code)\QL_cafe\QL_cafe\bancafe\bancafe\Resources\delete.png = C:\Users\NguyenLam\Desktop\Mã nguồn(Source code)-20201116T141503Z-001\Mã nguồn(Source code)\QL_cafe\QL_cafe\bancafe\bancafe\Resources\delete.png
		C:\Users\NguyenLam\Desktop\Mã nguồn(Source code)-20201116T141503Z-001\Mã nguồn(Source code)\QL_cafe\QL_cafe\bancafe\bancafe\Resources\delete1.png = C:\Users\NguyenLam\Desktop\Mã nguồn(Source code)-20201116T141503Z-001\Mã nguồn(Source code)\QL_cafe\QL_cafe\bancafe\bancafe\Resources\delete1.png
		C:\Users\NguyenLam\Desktop\Mã nguồn(Source code)-20201116T141503Z-001\Mã nguồn(Source code)\QL_cafe\QL_cafe\bancafe\bancafe\Resources\delete2.png = C:\Users\NguyenLam\Desktop\Mã nguồn(Source code)-20201116T141503Z-001\Mã nguồn(Source code)\QL_cafe\QL_cafe\bancafe\bancafe\Resources\delete2.png
		C:\Users\NguyenLam\Desktop\Mã nguồn(Source code)-20201116T141503Z-001\Mã nguồn(Source code)\QL_cafe\QL_cafe\bancafe\bancafe\Resources\delete3.png = C:\Users\NguyenLam\Desktop\Mã nguồn(Source code)-20201116T141503Z-001\Mã nguồn(Source code)\QL_cafe\QL_cafe\bancafe\bancafe\Resources\delete3.png
		C:\Users\NguyenLam\Desktop\Mã nguồn(Source code)-20201116T141503Z-001\Mã nguồn(Source code)\QL_cafe\QL_cafe\bancafe\bancafe\Resources\delete4.png = C:\Users\NguyenLam\Desktop\Mã nguồn(Source code)-20201116T141503Z-001\Mã nguồn(Source code)\QL_cafe\QL_cafe\bancafe\bancafe\Resources\delete4.png
		C:\Users\NguyenLam\Desktop\Mã nguồn(Source code)-20201116T141503Z-001\Mã nguồn(Source code)\QL_cafe\QL_cafe\bancafe\bancafe\Resources\delete5.png = C:\Users\NguyenLam\Desktop\Mã nguồn(Source code)-20201116T141503Z-001\Mã nguồn(Source code)\QL_cafe\QL_cafe\bancafe\bancafe\Resources\delete5.png
		C:\Users\NguyenLam\Desktop\Mã nguồn(Source code)-20201116T141503Z-001\Mã nguồn(Source code)\QL_cafe\QL_cafe\bancafe\bancafe\Resources\delete6.png = C:\Users\NguyenLam\Desktop\Mã nguồn(Source code)-20201116T141503Z-001\Mã nguồn(Source code)\QL_cafe\QL_cafe\bancafe\bancafe\Resources\delete6.png
		C:\Users\NguyenLam\Desktop\Mã nguồn(Source code)-20201116T141503Z-001\Mã nguồn(Source code)\QL_cafe\QL_cafe\bancafe\bancafe\Resources\douong.png = C:\Users\NguyenLam\Desktop\Mã nguồn(Source code)-20201116T141503Z-001\Mã nguồn(Source code)\QL_cafe\QL_cafe\bancafe\bancafe\Resources\douong.png
		C:\Users\NguyenLam\Desktop\Mã nguồn(Source code)-20201116T141503Z-001\Mã nguồn(Source code)\QL_cafe\QL_cafe\bancafe\bancafe\Resources\douong1.png = C:\Users\NguyenLam\Desktop\Mã nguồn(Source code)-20201116T141503Z-001\Mã nguồn(Source code)\QL_cafe\QL_cafe\bancafe\bancafe\Resources\douong1.png
		C:\Users\NguyenLam\Desktop\Mã nguồn(Source code)-20201116T141503Z-001\Mã nguồn(Source code)\QL_cafe\QL_cafe\bancafe\bancafe\Resources\douong2.png = C:\Users\NguyenLam\Desktop\Mã nguồn(Source code)-20201116T141503Z-001\Mã nguồn(Source code)\QL_cafe\QL_cafe\bancafe\bancafe\Resources\douong2.png
		C:\Users\NguyenLam\Desktop\Mã nguồn(Source code)-20201116T141503Z-001\Mã nguồn(Source code)\QL_cafe\QL_cafe\bancafe\bancafe\Resources\douong3.png = C:\Users\NguyenLam\Desktop\Mã nguồn(Source code)-20201116T141503Z-001\Mã nguồn(Source code)\QL_cafe\QL_cafe\bancafe\bancafe\Resources\douong3.png
		C:\Users\NguyenLam\Desktop\Mã nguồn(Source code)-20201116T141503Z-001\Mã nguồn(Source code)\QL_cafe\QL_cafe\bancafe\bancafe\Resources\edit.png = C:\Users\NguyenLam\Desktop\Mã nguồn(Source code)-20201116T141503Z-001\Mã nguồn(Source code)\QL_cafe\QL_cafe\bancafe\bancafe\Resources\edit.png
		C:\Users\NguyenLam\Desktop\Mã nguồn(Source code)-20201116T141503Z-001\Mã nguồn(Source code)\QL_cafe\QL_cafe\bancafe\bancafe\Resources\edit1.png = C:\Users\NguyenLam\Desktop\Mã nguồn(Source code)-20201116T141503Z-001\Mã nguồn(Source code)\QL_cafe\QL_cafe\bancafe\bancafe\Resources\edit1.png
		C:\Users\NguyenLam\Desktop\Mã nguồn(Source code)-20201116T141503Z-001\Mã nguồn(Source code)\QL_cafe\QL_cafe\bancafe\bancafe\Resources\edit2.png = C:\Users\NguyenLam\Desktop\Mã nguồn(Source code)-20201116T141503Z-001\Mã nguồn(Source code)\QL_cafe\QL_cafe\bancafe\bancafe\Resources\edit2.png
		C:\Users\NguyenLam\Desktop\Mã nguồn(Source code)-20201116T141503Z-001\Mã nguồn(Source code)\QL_cafe\QL_cafe\bancafe\bancafe\Resources\editpassword.png = C:\Users\NguyenLam\Desktop\Mã nguồn(Source code)-20201116T141503Z-001\Mã nguồn(Source code)\QL_cafe\QL_cafe\bancafe\bancafe\Resources\editpassword.png
		C:\Users\NguyenLam\Desktop\Mã nguồn(Source code)-20201116T141503Z-001\Mã nguồn(Source code)\QL_cafe\QL_cafe\bancafe\bancafe\Resources\editpassword1.png = C:\Users\NguyenLam\Desktop\Mã nguồn(Source code)-20201116T141503Z-001\Mã nguồn(Source code)\QL_cafe\QL_cafe\bancafe\bancafe\Resources\editpassword1.png
		C:\Users\NguyenLam\Desktop\Mã nguồn(Source code)-20201116T141503Z-001\Mã nguồn(Source code)\QL_cafe\QL_cafe\bancafe\bancafe\Resources\enter.png = C:\Users\NguyenLam\Desktop\Mã nguồn(Source code)-20201116T141503Z-001\Mã nguồn(Source code)\QL_cafe\QL_cafe\bancafe\bancafe\Resources\enter.png
		C:\Users\NguyenLam\Desktop\Mã nguồn(Source code)-20201116T141503Z-001\Mã nguồn(Source code)\QL_cafe\QL_cafe\bancafe\bancafe\Resources\enter1.png = C:\Users\NguyenLam\Desktop\Mã nguồn(Source code)-20201116T141503Z-001\Mã nguồn(Source code)\QL_cafe\QL_cafe\bancafe\bancafe\Resources\enter1.png
		C:\Users\NguyenLam\Desktop\Mã nguồn(Source code)-20201116T141503Z-001\Mã nguồn(Source code)\QL_cafe\QL_cafe\bancafe\bancafe\Resources\exit (1).png = C:\Users\NguyenLam\Desktop\Mã nguồn(Source code)-20201116T141503Z-001\Mã nguồn(Source code)\QL_cafe\QL_cafe\bancafe\bancafe\Resources\exit (1).png
		C:\Users\NguyenLam\Desktop\Mã nguồn(Source code)-20201116T141503Z-001\Mã nguồn(Source code)\QL_cafe\QL_cafe\bancafe\bancafe\Resources\exit (1)1.png = C:\Users\NguyenLam\Desktop\Mã nguồn(Source code)-20201116T141503Z-001\Mã nguồn(Source code)\QL_cafe\QL_cafe\bancafe\bancafe\Resources\exit (1)1.png
		C:\Users\NguyenLam\Desktop\Mã nguồn(Source code)-20201116T141503Z-001\Mã nguồn(Source code)\QL_cafe\QL_cafe\bancafe\bancafe\Resources\exit (1)2.png = C:\Users\NguyenLam\Desktop\Mã nguồn(Source code)-20201116T141503Z-001\Mã nguồn(Source code)\QL_cafe\QL_cafe\bancafe\bancafe\Resources\exit (1)2.png
		C:\Users\NguyenLam\Desktop\Mã nguồn(Source code)-20201116T141503Z-001\Mã nguồn(Source code)\QL_cafe\QL_cafe\bancafe\bancafe\Resources\exit (2).png = C:\Users\NguyenLam\Desktop\Mã nguồn(Source code)-20201116T141503Z-001\Mã nguồn(Source code)\QL_cafe\QL_cafe\bancafe\bancafe\Resources\exit (2).png
		C:\Users\NguyenLam\Desktop\Mã nguồn(Source code)-20201116T141503Z-001\Mã nguồn(Source code)\QL_cafe\QL_cafe\bancafe\bancafe\Resources\exit (2)1.png = C:\Users\NguyenLam\Desktop\Mã nguồn(Source code)-20201116T141503Z-001\Mã nguồn(Source code)\QL_cafe\QL_cafe\bancafe\bancafe\Resources\exit (2)1.png
		C:\Users\NguyenLam\Desktop\Mã nguồn(Source code)-20201116T141503Z-001\Mã nguồn(Source code)\QL_cafe\QL_cafe\bancafe\bancafe\Resources\exit.png = C:\Users\NguyenLam\Desktop\Mã nguồn(Source code)-20201116T141503Z-001\Mã nguồn(Source code)\QL_cafe\QL_cafe\bancafe\bancafe\Resources\exit.png
		C:\Users\NguyenLam\Desktop\Mã nguồn(Source code)-20201116T141503Z-001\Mã nguồn(Source code)\QL_cafe\QL_cafe\bancafe\bancafe\Resources\hethong.png = C:\Users\NguyenLam\Desktop\Mã nguồn(Source code)-20201116T141503Z-001\Mã nguồn(Source code)\QL_cafe\QL_cafe\bancafe\bancafe\Resources\hethong.png
		C:\Users\NguyenLam\Desktop\Mã nguồn(Source code)-20201116T141503Z-001\Mã nguồn(Source code)\QL_cafe\QL_cafe\bancafe\bancafe\Resources\home.png = C:\Users\NguyenLam\Desktop\Mã nguồn(Source code)-20201116T141503Z-001\Mã nguồn(Source code)\QL_cafe\QL_cafe\bancafe\bancafe\Resources\home.png
		C:\Users\NguyenLam\Desktop\Mã nguồn(Source code)-20201116T141503Z-001\Mã nguồn(Source code)\QL_cafe\QL_cafe\bancafe\bancafe\Resources\huongdan.png = C:\Users\NguyenLam\Desktop\Mã nguồn(Source code)-20201116T141503Z-001\Mã nguồn(Source code)\QL_cafe\QL_cafe\bancafe\bancafe\Resources\huongdan.png
		C:\Users\NguyenLam\Desktop\Mã nguồn(Source code)-20201116T141503Z-001\Mã nguồn(Source code)\QL_cafe\QL_cafe\bancafe\bancafe\Resources\icon2-02.png = C:\Users\NguyenLam\Desktop\Mã nguồn(Source code)-20201116T141503Z-001\Mã nguồn(Source code)\QL_cafe\QL_cafe\bancafe\bancafe\Resources\icon2-02.png
		C:\Users\NguyenLam\Desktop\Mã nguồn(Source code)-20201116T141503Z-001\Mã nguồn(Source code)\QL_cafe\QL_cafe\bancafe\bancafe\Resources\icons8-add-51.png = C:\Users\NguyenLam\Desktop\Mã nguồn(Source code)-20201116T141503Z-001\Mã nguồn(Source code)\QL_cafe\QL_cafe\bancafe\bancafe\Resources\icons8-add-51.png
		C:\Users\NguyenLam\Desktop\Mã nguồn(Source code)-20201116T141503Z-001\Mã nguồn(Source code)\QL_cafe\QL_cafe\bancafe\bancafe\Resources\icons8-add-511.png = C:\Users\NguyenLam\Desktop\Mã nguồn(Source code)-20201116T141503Z-001\Mã nguồn(Source code)\QL_cafe\QL_cafe\bancafe\bancafe\Resources\icons8-add-511.png
		C:\Users\NguyenLam\Desktop\Mã nguồn(Source code)-20201116T141503Z-001\Mã nguồn(Source code)\QL_cafe\QL_cafe\bancafe\bancafe\Resources\images.jpg = C:\Users\NguyenLam\Desktop\Mã nguồn(Source code)-20201116T141503Z-001\Mã nguồn(Source code)\QL_cafe\QL_cafe\bancafe\bancafe\Resources\images.jpg
		C:\Users\NguyenLam\Desktop\Mã nguồn(Source code)-20201116T141503Z-001\Mã nguồn(Source code)\QL_cafe\QL_cafe\bancafe\bancafe\Resources\logout copy.png = C:\Users\NguyenLam\Desktop\Mã nguồn(Source code)-20201116T141503Z-001\Mã nguồn(Source code)\QL_cafe\QL_cafe\bancafe\bancafe\Resources\logout copy.png
		C:\Users\NguyenLam\Desktop\Mã nguồn(Source code)-20201116T141503Z-001\Mã nguồn(Source code)\QL_cafe\QL_cafe\bancafe\bancafe\Resources\logout copy1.png = C:\Users\NguyenLam\Desktop\Mã nguồn(Source code)-20201116T141503Z-001\Mã nguồn(Source code)\QL_cafe\QL_cafe\bancafe\bancafe\Resources\logout copy1.png
		C:\Users\NguyenLam\Desktop\Mã nguồn(Source code)-20201116T141503Z-001\Mã nguồn(Source code)\QL_cafe\QL_cafe\bancafe\bancafe\Resources\logout.png = C:\Users\NguyenLam\Desktop\Mã nguồn(Source code)-20201116T141503Z-001\Mã nguồn(Source code)\QL_cafe\QL_cafe\bancafe\bancafe\Resources\logout.png
		C:\Users\NguyenLam\Desktop\Mã nguồn(Source code)-20201116T141503Z-001\Mã nguồn(Source code)\QL_cafe\QL_cafe\bancafe\bancafe\Resources\logout1.png = C:\Users\NguyenLam\Desktop\Mã nguồn(Source code)-20201116T141503Z-001\Mã nguồn(Source code)\QL_cafe\QL_cafe\bancafe\bancafe\Resources\logout1.png
		C:\Users\NguyenLam\Desktop\Mã nguồn(Source code)-20201116T141503Z-001\Mã nguồn(Source code)\QL_cafe\QL_cafe\bancafe\bancafe\Resources\logout11.png = C:\Users\NguyenLam\Desktop\Mã nguồn(Source code)-20201116T141503Z-001\Mã nguồn(Source code)\QL_cafe\QL_cafe\bancafe\bancafe\Resources\logout11.png
		C:\Users\NguyenLam\Desktop\Mã nguồn(Source code)-20201116T141503Z-001\Mã nguồn(Source code)\QL_cafe\QL_cafe\bancafe\bancafe\Resources\logout2.png = C:\Users\NguyenLam\Desktop\Mã nguồn(Source code)-20201116T141503Z-001\Mã nguồn(Source code)\QL_cafe\QL_cafe\bancafe\bancafe\Resources\logout2.png
		C:\Users\NguyenLam\Desktop\Mã nguồn(Source code)-20201116T141503Z-001\Mã nguồn(Source code)\QL_cafe\QL_cafe\bancafe\bancafe\Resources\loupe.png = C:\Users\NguyenLam\Desktop\Mã nguồn(Source code)-20201116T141503Z-001\Mã nguồn(Source code)\QL_cafe\QL_cafe\bancafe\bancafe\Resources\loupe.png
		C:\Users\NguyenLam\Desktop\Mã nguồn(Source code)-20201116T141503Z-001\Mã nguồn(Source code)\QL_cafe\QL_cafe\bancafe\bancafe\Resources\loupe1.png = C:\Users\NguyenLam\Desktop\Mã nguồn(Source code)-20201116T141503Z-001\Mã nguồn(Source code)\QL_cafe\QL_cafe\bancafe\bancafe\Resources\loupe1.png
		C:\Users\NguyenLam\Desktop\Mã nguồn(Source code)-20201116T141503Z-001\Mã nguồn(Source code)\QL_cafe\QL_cafe\bancafe\bancafe\Resources\money.png = C:\Users\NguyenLam\Desktop\Mã nguồn(Source code)-20201116T141503Z-001\Mã nguồn(Source code)\QL_cafe\QL_cafe\bancafe\bancafe\Resources\money.png
		C:\Users\NguyenLam\Desktop\Mã nguồn(Source code)-20201116T141503Z-001\Mã nguồn(Source code)\QL_cafe\QL_cafe\bancafe\bancafe\Resources\money1.png = C:\Users\NguyenLam\Desktop\Mã nguồn(Source code)-20201116T141503Z-001\Mã nguồn(Source code)\QL_cafe\QL_cafe\bancafe\bancafe\Resources\money1.png
		C:\Users\NguyenLam\Desktop\Mã nguồn(Source code)-20201116T141503Z-001\Mã nguồn(Source code)\QL_cafe\QL_cafe\bancafe\bancafe\Resources\money2.png = C:\Users\NguyenLam\Desktop\Mã nguồn(Source code)-20201116T141503Z-001\Mã nguồn(Source code)\QL_cafe\QL_cafe\bancafe\bancafe\Resources\money2.png
		C:\Users\NguyenLam\Desktop\Mã nguồn(Source code)-20201116T141503Z-001\Mã nguồn(Source code)\QL_cafe\QL_cafe\bancafe\bancafe\Resources\nhanvien.png = C:\Users\NguyenLam\Desktop\Mã nguồn(Source code)-20201116T141503Z-001\Mã nguồn(Source code)\QL_cafe\QL_cafe\bancafe\bancafe\Resources\nhanvien.png
		C:\Users\NguyenLam\Desktop\Mã nguồn(Source code)-20201116T141503Z-001\Mã nguồn(Source code)\QL_cafe\QL_cafe\bancafe\bancafe\Resources\nhaphang.png = C:\Users\NguyenLam\Desktop\Mã nguồn(Source code)-20201116T141503Z-001\Mã nguồn(Source code)\QL_cafe\QL_cafe\bancafe\bancafe\Resources\nhaphang.png
		C:\Users\NguyenLam\Desktop\Mã nguồn(Source code)-20201116T141503Z-001\Mã nguồn(Source code)\QL_cafe\QL_cafe\bancafe\bancafe\Resources\nv.png = C:\Users\NguyenLam\Desktop\Mã nguồn(Source code)-20201116T141503Z-001\Mã nguồn(Source code)\QL_cafe\QL_cafe\bancafe\bancafe\Resources\nv.png
		C:\Users\NguyenLam\Desktop\Mã nguồn(Source code)-20201116T141503Z-001\Mã nguồn(Source code)\QL_cafe\QL_cafe\bancafe\bancafe\Resources\order.png = C:\Users\NguyenLam\Desktop\Mã nguồn(Source code)-20201116T141503Z-001\Mã nguồn(Source code)\QL_cafe\QL_cafe\bancafe\bancafe\Resources\order.png
		C:\Users\NguyenLam\Desktop\Mã nguồn(Source code)-20201116T141503Z-001\Mã nguồn(Source code)\QL_cafe\QL_cafe\bancafe\bancafe\Resources\order1.png = C:\Users\NguyenLam\Desktop\Mã nguồn(Source code)-20201116T141503Z-001\Mã nguồn(Source code)\QL_cafe\QL_cafe\bancafe\bancafe\Resources\order1.png
		C:\Users\NguyenLam\Desktop\Mã nguồn(Source code)-20201116T141503Z-001\Mã nguồn(Source code)\QL_cafe\QL_cafe\bancafe\bancafe\Resources\photo-3-1568195691910441161293-crop-1568195783356616846651.jpg = C:\Users\NguyenLam\Desktop\Mã nguồn(Source code)-20201116T141503Z-001\Mã nguồn(Source code)\QL_cafe\QL_cafe\bancafe\bancafe\Resources\photo-3-1568195691910441161293-crop-1568195783356616846651.jpg
		C:\Users\NguyenLam\Desktop\Mã nguồn(Source code)-20201116T141503Z-001\Mã nguồn(Source code)\QL_cafe\QL_cafe\bancafe\bancafe\Resources\picturebox.jpg = C:\Users\NguyenLam\Desktop\Mã nguồn(Source code)-20201116T141503Z-001\Mã nguồn(Source code)\QL_cafe\QL_cafe\bancafe\bancafe\Resources\picturebox.jpg
		C:\Users\NguyenLam\Desktop\Mã nguồn(Source code)-20201116T141503Z-001\Mã nguồn(Source code)\QL_cafe\QL_cafe\bancafe\bancafe\Resources\picturebox1.jpg = C:\Users\NguyenLam\Desktop\Mã nguồn(Source code)-20201116T141503Z-001\Mã nguồn(Source code)\QL_cafe\QL_cafe\bancafe\bancafe\Resources\picturebox1.jpg
		C:\Users\NguyenLam\Desktop\Mã nguồn(Source code)-20201116T141503Z-001\Mã nguồn(Source code)\QL_cafe\QL_cafe\bancafe\bancafe\Resources\plus.png = C:\Users\NguyenLam\Desktop\Mã nguồn(Source code)-20201116T141503Z-001\Mã nguồn(Source code)\QL_cafe\QL_cafe\bancafe\bancafe\Resources\plus.png
		C:\Users\NguyenLam\Desktop\Mã nguồn(Source code)-20201116T141503Z-001\Mã nguồn(Source code)\QL_cafe\QL_cafe\bancafe\bancafe\Resources\plus1.png = C:\Users\NguyenLam\Desktop\Mã nguồn(Source code)-20201116T141503Z-001\Mã nguồn(Source code)\QL_cafe\QL_cafe\bancafe\bancafe\Resources\plus1.png
		C:\Users\NguyenLam\Desktop\Mã nguồn(Source code)-20201116T141503Z-001\Mã nguồn(Source code)\QL_cafe\QL_cafe\bancafe\bancafe\Resources\plus2.png = C:\Users\NguyenLam\Desktop\Mã nguồn(Source code)-20201116T141503Z-001\Mã nguồn(Source code)\QL_cafe\QL_cafe\bancafe\bancafe\Resources\plus2.png
		C:\Users\NguyenLam\Desktop\Mã nguồn(Source code)-20201116T141503Z-001\Mã nguồn(Source code)\QL_cafe\QL_cafe\bancafe\bancafe\Resources\quanly.png = C:\Users\NguyenLam\Desktop\Mã nguồn(Source code)-20201116T141503Z-001\Mã nguồn(Source code)\QL_cafe\QL_cafe\bancafe\bancafe\Resources\quanly.png
		C:\Users\NguyenLam\Desktop\Mã nguồn(Source code)-20201116T141503Z-001\Mã nguồn(Source code)\QL_cafe\QL_cafe\bancafe\bancafe\Resources\reload.png = C:\Users\NguyenLam\Desktop\Mã nguồn(Source code)-20201116T141503Z-001\Mã nguồn(Source code)\QL_cafe\QL_cafe\bancafe\bancafe\Resources\reload.png
		C:\Users\NguyenLam\Desktop\Mã nguồn(Source code)-20201116T141503Z-001\Mã nguồn(Source code)\QL_cafe\QL_cafe\bancafe\bancafe\Resources\reload1.png = C:\Users\NguyenLam\Desktop\Mã nguồn(Source code)-20201116T141503Z-001\Mã nguồn(Source code)\QL_cafe\QL_cafe\bancafe\bancafe\Resources\reload1.png
		C:\Users\NguyenLam\Desktop\Mã nguồn(Source code)-20201116T141503Z-001\Mã nguồn(Source code)\QL_cafe\QL_cafe\bancafe\bancafe\Resources\save.png = C:\Users\NguyenLam\Desktop\Mã nguồn(Source code)-20201116T141503Z-001\Mã nguồn(Source code)\QL_cafe\QL_cafe\bancafe\bancafe\Resources\save.png
		C:\Users\NguyenLam\Desktop\Mã nguồn(Source code)-20201116T141503Z-001\Mã nguồn(Source code)\QL_cafe\QL_cafe\bancafe\bancafe\Resources\save1.png = C:\Users\NguyenLam\Desktop\Mã nguồn(Source code)-20201116T141503Z-001\Mã nguồn(Source code)\QL_cafe\QL_cafe\bancafe\bancafe\Resources\save1.png
		C:\Users\NguyenLam\Desktop\Mã nguồn(Source code)-20201116T141503Z-001\Mã nguồn(Source code)\QL_cafe\QL_cafe\bancafe\bancafe\Resources\save2.png = C:\Users\NguyenLam\Desktop\Mã nguồn(Source code)-20201116T141503Z-001\Mã nguồn(Source code)\QL_cafe\QL_cafe\bancafe\bancafe\Resources\save2.png
		C:\Users\NguyenLam\Desktop\Mã nguồn(Source code)-20201116T141503Z-001\Mã nguồn(Source code)\QL_cafe\QL_cafe\bancafe\bancafe\Resources\save3.png = C:\Users\NguyenLam\Desktop\Mã nguồn(Source code)-20201116T141503Z-001\Mã nguồn(Source code)\QL_cafe\QL_cafe\bancafe\bancafe\Resources\save3.png
		C:\Users\NguyenLam\Desktop\Mã nguồn(Source code)-20201116T141503Z-001\Mã nguồn(Source code)\QL_cafe\QL_cafe\bancafe\bancafe\Resources\save4.png = C:\Users\NguyenLam\Desktop\Mã nguồn(Source code)-20201116T141503Z-001\Mã nguồn(Source code)\QL_cafe\QL_cafe\bancafe\bancafe\Resources\save4.png
		C:\Users\NguyenLam\Desktop\Mã nguồn(Source code)-20201116T141503Z-001\Mã nguồn(Source code)\QL_cafe\QL_cafe\bancafe\bancafe\Resources\save5.png = C:\Users\NguyenLam\Desktop\Mã nguồn(Source code)-20201116T141503Z-001\Mã nguồn(Source code)\QL_cafe\QL_cafe\bancafe\bancafe\Resources\save5.png
		C:\Users\NguyenLam\Desktop\Mã nguồn(Source code)-20201116T141503Z-001\Mã nguồn(Source code)\QL_cafe\QL_cafe\bancafe\bancafe\Resources\save6.png = C:\Users\NguyenLam\Desktop\Mã nguồn(Source code)-20201116T141503Z-001\Mã nguồn(Source code)\QL_cafe\QL_cafe\bancafe\bancafe\Resources\save6.png
		C:\Users\NguyenLam\Desktop\Mã nguồn(Source code)-20201116T141503Z-001\Mã nguồn(Source code)\QL_cafe\QL_cafe\bancafe\bancafe\Resources\speed.png = C:\Users\NguyenLam\Desktop\Mã nguồn(Source code)-20201116T141503Z-001\Mã nguồn(Source code)\QL_cafe\QL_cafe\bancafe\bancafe\Resources\speed.png
		C:\Users\NguyenLam\Desktop\Mã nguồn(Source code)-20201116T141503Z-001\Mã nguồn(Source code)\QL_cafe\QL_cafe\bancafe\bancafe\Resources\speed1.png = C:\Users\NguyenLam\Desktop\Mã nguồn(Source code)-20201116T141503Z-001\Mã nguồn(Source code)\QL_cafe\QL_cafe\bancafe\bancafe\Resources\speed1.png
		C:\Users\NguyenLam\Desktop\Mã nguồn(Source code)-20201116T141503Z-001\Mã nguồn(Source code)\QL_cafe\QL_cafe\bancafe\bancafe\Resources\thanhtoan.png = C:\Users\NguyenLam\Desktop\Mã nguồn(Source code)-20201116T141503Z-001\Mã nguồn(Source code)\QL_cafe\QL_cafe\bancafe\bancafe\Resources\thanhtoan.png
		C:\Users\NguyenLam\Desktop\Mã nguồn(Source code)-20201116T141503Z-001\Mã nguồn(Source code)\QL_cafe\QL_cafe\bancafe\bancafe\Resources\thanhtoan1.png = C:\Users\NguyenLam\Desktop\Mã nguồn(Source code)-20201116T141503Z-001\Mã nguồn(Source code)\QL_cafe\QL_cafe\bancafe\bancafe\Resources\thanhtoan1.png
		C:\Users\NguyenLam\Desktop\Mã nguồn(Source code)-20201116T141503Z-001\Mã nguồn(Source code)\QL_cafe\QL_cafe\bancafe\bancafe\Resources\thanhtoan2.png = C:\Users\NguyenLam\Desktop\Mã nguồn(Source code)-20201116T141503Z-001\Mã nguồn(Source code)\QL_cafe\QL_cafe\bancafe\bancafe\Resources\thanhtoan2.png
		C:\Users\NguyenLam\Desktop\Mã nguồn(Source code)-20201116T141503Z-001\Mã nguồn(Source code)\QL_cafe\QL_cafe\bancafe\bancafe\Resources\thongke.png = C:\Users\NguyenLam\Desktop\Mã nguồn(Source code)-20201116T141503Z-001\Mã nguồn(Source code)\QL_cafe\QL_cafe\bancafe\bancafe\Resources\thongke.png
		C:\Users\NguyenLam\Desktop\Mã nguồn(Source code)-20201116T141503Z-001\Mã nguồn(Source code)\QL_cafe\QL_cafe\bancafe\bancafe\Resources\thongke1.png = C:\Users\NguyenLam\Desktop\Mã nguồn(Source code)-20201116T141503Z-001\Mã nguồn(Source code)\QL_cafe\QL_cafe\bancafe\bancafe\Resources\thongke1.png
		C:\Users\NguyenLam\Desktop\Mã nguồn(Source code)-20201116T141503Z-001\Mã nguồn(Source code)\QL_cafe\QL_cafe\bancafe\bancafe\Resources\thongkedoanhso.png = C:\Users\NguyenLam\Desktop\Mã nguồn(Source code)-20201116T141503Z-001\Mã nguồn(Source code)\QL_cafe\QL_cafe\bancafe\bancafe\Resources\thongkedoanhso.png
		C:\Users\NguyenLam\Desktop\Mã nguồn(Source code)-20201116T141503Z-001\Mã nguồn(Source code)\QL_cafe\QL_cafe\bancafe\bancafe\Resources\writer.png = C:\Users\NguyenLam\Desktop\Mã nguồn(Source code)-20201116T141503Z-001\Mã nguồn(Source code)\QL_cafe\QL_cafe\bancafe\bancafe\Resources\writer.png
		C:\Users\NguyenLam\Desktop\Mã nguồn(Source code)-20201116T141503Z-001\Mã nguồn(Source code)\QL_cafe\QL_cafe\bancafe\bancafe\Resources\writer1.png = C:\Users\NguyenLam\Desktop\Mã nguồn(Source code)-20201116T141503Z-001\Mã nguồn(Source code)\QL_cafe\QL_cafe\bancafe\bancafe\Resources\writer1.png
	EndProjectSection
EndProject
Global
	GlobalSection(SolutionConfigurationPlatforms) = preSolution
		Debug|Any CPU = Debug|Any CPU
		Release|Any CPU = Release|Any CPU
	EndGlobalSection
	GlobalSection(ProjectConfigurationPlatforms) = postSolution
		{53B4EFD3-9ACE-4189-BCE5-8B2B0BB59BC8}.Debug|Any CPU.ActiveCfg = Debug|Any CPU
		{53B4EFD3-9ACE-4189-BCE5-8B2B0BB59BC8}.Debug|Any CPU.Build.0 = Debug|Any CPU
		{53B4EFD3-9ACE-4189-BCE5-8B2B0BB59BC8}.Release|Any CPU.ActiveCfg = Release|Any CPU
		{53B4EFD3-9ACE-4189-BCE5-8B2B0BB59BC8}.Release|Any CPU.Build.0 = Release|Any CPU
		{54B15722-CA16-479D-A65A-0FA41BD7F2E3}.Debug|Any CPU.ActiveCfg = Debug|Any CPU
		{54B15722-CA16-479D-A65A-0FA41BD7F2E3}.Debug|Any CPU.Build.0 = Debug|Any CPU
		{54B15722-CA16-479D-A65A-0FA41BD7F2E3}.Release|Any CPU.ActiveCfg = Release|Any CPU
		{54B15722-CA16-479D-A65A-0FA41BD7F2E3}.Release|Any CPU.Build.0 = Release|Any CPU
		{C4C50617-3D0C-425B-AB50-FA80FF0C44C7}.Debug|Any CPU.ActiveCfg = Debug|Any CPU
		{C4C50617-3D0C-425B-AB50-FA80FF0C44C7}.Debug|Any CPU.Build.0 = Debug|Any CPU
		{C4C50617-3D0C-425B-AB50-FA80FF0C44C7}.Release|Any CPU.ActiveCfg = Release|Any CPU
		{C4C50617-3D0C-425B-AB50-FA80FF0C44C7}.Release|Any CPU.Build.0 = Release|Any CPU
		{D049D3CC-497A-44D8-809F-5EA797CA11F6}.Debug|Any CPU.ActiveCfg = Debug|Any CPU
		{D049D3CC-497A-44D8-809F-5EA797CA11F6}.Debug|Any CPU.Build.0 = Debug|Any CPU
		{D049D3CC-497A-44D8-809F-5EA797CA11F6}.Release|Any CPU.ActiveCfg = Release|Any CPU
		{D049D3CC-497A-44D8-809F-5EA797CA11F6}.Release|Any CPU.Build.0 = Release|Any CPU
	EndGlobalSection
	GlobalSection(SolutionProperties) = preSolution
		HideSolutionNode = FALSE
	EndGlobalSection
	GlobalSection(NestedProjects) = preSolution
		{9ADAA76E-5AE1-447B-B539-6B37F4418782} = {5760A618-E5AE-42A0-AE8D-4B1A87111BEA}
	EndGlobalSection
	GlobalSection(ExtensibilityGlobals) = postSolution
		SolutionGuid = {82F1DB5B-3D17-48BE-9E94-2CCB55D5D958}
	EndGlobalSection
EndGlobal
